
Microsoft Visual Studio Solution File, Format Version 12.00
# Visual Studio Version 16
VisualStudioVersion = 16.0.29009.5
MinimumVisualStudioVersion = 10.0.40219.1
Project("{FAE04EC0-301F-11D3-BF4B-00C04F79EFBC}") = "Lab14", "Lab14.csproj", "{095B7196-A422-4865-A16F-F6B22313FEFA}"
EndProject
Global
	GlobalSection(SolutionConfigurationPlatforms) = preSolution
		Debug|Any CPU = Debug|Any CPU
		Release|Any CPU = Release|Any CPU
	EndGlobalSection
	GlobalSection(ProjectConfigurationPlatforms) = postSolution
		{095B7196-A422-4865-A16F-F6B22313FEFA}.Debug|Any CPU.ActiveCfg = Debug|Any CPU
		{095B7196-A422-4865-A16F-F6B22313FEFA}.Debug|Any CPU.Build.0 = Debug|Any CPU
		{095B7196-A422-4865-A16F-F6B22313FEFA}.Release|Any CPU.ActiveCfg = Release|Any CPU
		{095B7196-A422-4865-A16F-F6B22313FEFA}.Release|Any CPU.Build.0 = Release|Any CPU
	EndGlobalSection
	GlobalSection(SolutionProperties) = preSolution
		HideSolutionNode = FALSE
	EndGlobalSection
	GlobalSection(ExtensibilityGlobals) = postSolution
		SolutionGuid = {390AD914-6648-4763-A35F-E6AFD68B7E76}
	EndGlobalSection
EndGlobal
